
Microsoft Visual Studio Solution File, Format Version 12.00
# Visual Studio Version 17
VisualStudioVersion = 17.9.34607.119
MinimumVisualStudioVersion = 10.0.40219.1
Project("{FAE04EC0-301F-11D3-BF4B-00C04F79EFBC}") = "ConsoleAppADO", "ConsoleAppADO\ConsoleAppADO.csproj", "{985EE26E-27BA-4607-91B7-869581A1567C}"
EndProject
Global
	GlobalSection(SolutionConfigurationPlatforms) = preSolution
		Debug|Any CPU = Debug|Any CPU
		Release|Any CPU = Release|Any CPU
	EndGlobalSection
	GlobalSection(ProjectConfigurationPlatforms) = postSolution
		{985EE26E-27BA-4607-91B7-869581A1567C}.Debug|Any CPU.ActiveCfg = Debug|Any CPU
		{985EE26E-27BA-4607-91B7-869581A1567C}.Debug|Any CPU.Build.0 = Debug|Any CPU
		{985EE26E-27BA-4607-91B7-869581A1567C}.Release|Any CPU.ActiveCfg = Release|Any CPU
		{985EE26E-27BA-4607-91B7-869581A1567C}.Release|Any CPU.Build.0 = Release|Any CPU
	EndGlobalSection
	GlobalSection(SolutionProperties) = preSolution
		HideSolutionNode = FALSE
	EndGlobalSection
	GlobalSection(ExtensibilityGlobals) = postSolution
		SolutionGuid = {03228B67-17D9-4A16-9C30-DB8196BF8150}
	EndGlobalSection
EndGlobal
